
Microsoft Visual Studio Solution File, Format Version 12.00
# Visual Studio Version 17
VisualStudioVersion = 17.7.34018.315
MinimumVisualStudioVersion = 10.0.40219.1
Project("{FAE04EC0-301F-11D3-BF4B-00C04F79EFBC}") = "ConsoleApp66", "ConsoleApp66\ConsoleApp66.csproj", "{9A4FEADA-D51A-4965-A012-B31D53BAB921}"
EndProject
Global
	GlobalSection(SolutionConfigurationPlatforms) = preSolution
		Debug|Any CPU = Debug|Any CPU
		Release|Any CPU = Release|Any CPU
	EndGlobalSection
	GlobalSection(ProjectConfigurationPlatforms) = postSolution
		{9A4FEADA-D51A-4965-A012-B31D53BAB921}.Debug|Any CPU.ActiveCfg = Debug|Any CPU
		{9A4FEADA-D51A-4965-A012-B31D53BAB921}.Debug|Any CPU.Build.0 = Debug|Any CPU
		{9A4FEADA-D51A-4965-A012-B31D53BAB921}.Release|Any CPU.ActiveCfg = Release|Any CPU
		{9A4FEADA-D51A-4965-A012-B31D53BAB921}.Release|Any CPU.Build.0 = Release|Any CPU
	EndGlobalSection
	GlobalSection(SolutionProperties) = preSolution
		HideSolutionNode = FALSE
	EndGlobalSection
	GlobalSection(ExtensibilityGlobals) = postSolution
		SolutionGuid = {0651D95A-A5CB-441E-9E75-8E4A47669D2D}
	EndGlobalSection
EndGlobal
